
Microsoft Visual Studio Solution File, Format Version 12.00
# Visual Studio Version 17
VisualStudioVersion = 17.0.31903.59
MinimumVisualStudioVersion = 10.0.40219.1
Project("{2150E333-8FDC-42A3-9474-1A3956D46DE8}") = "src", "src", "{183EC84C-4D22-4BD6-8EC1-9F28CDBD5847}"
EndProject
Project("{2150E333-8FDC-42A3-9474-1A3956D46DE8}") = "AstroTrade", "AstroTrade", "{B2E5CA7C-7385-4955-B63F-422AE21D3016}"
EndProject
Project("{FAE04EC0-301F-11D3-BF4B-00C04F79EFBC}") = "AstroTrade", "src\Cli\AstroTrade.csproj", "{77298826-3D29-4197-BCB2-83D65FCC3A0E}"
EndProject
Project("{FAE04EC0-301F-11D3-BF4B-00C04F79EFBC}") = "Domain", "src\Domain\Domain.csproj", "{55EF870B-B285-430B-BA85-61824299E347}"
EndProject
Project("{FAE04EC0-301F-11D3-BF4B-00C04F79EFBC}") = "tests", "tests\tests.csproj", "{DA93D82A-F061-439D-AFA1-8A9A28FE6E4B}"
EndProject
Project("{FAE04EC0-301F-11D3-BF4B-00C04F79EFBC}") = "Interfaces", "src\Interfaces\Interfaces.csproj", "{F126AC09-56F3-4941-9821-E8FA3111D317}"
EndProject
Project("{FAE04EC0-301F-11D3-BF4B-00C04F79EFBC}") = "Application", "src\Application\Application.csproj", "{33EFB565-20A9-46E7-9808-2F90D631DB17}"
EndProject
Project("{2150E333-8FDC-42A3-9474-1A3956D46DE8}") = "SpaceTraders", "SpaceTraders", "{12DFF130-AB36-4767-A421-82DAFE7055D8}"
EndProject
Project("{FAE04EC0-301F-11D3-BF4B-00C04F79EFBC}") = "SpaceTraders.Api", "src\SpaceTraders\Api\SpaceTraders.Api.csproj", "{875998C8-ABDA-4F3B-9F5B-2E59003C3D1A}"
EndProject
Global
	GlobalSection(SolutionConfigurationPlatforms) = preSolution
		Debug|Any CPU = Debug|Any CPU
		Release|Any CPU = Release|Any CPU
	EndGlobalSection
	GlobalSection(SolutionProperties) = preSolution
		HideSolutionNode = FALSE
	EndGlobalSection
	GlobalSection(ProjectConfigurationPlatforms) = postSolution
		{77298826-3D29-4197-BCB2-83D65FCC3A0E}.Debug|Any CPU.ActiveCfg = Debug|Any CPU
		{77298826-3D29-4197-BCB2-83D65FCC3A0E}.Debug|Any CPU.Build.0 = Debug|Any CPU
		{77298826-3D29-4197-BCB2-83D65FCC3A0E}.Release|Any CPU.ActiveCfg = Release|Any CPU
		{77298826-3D29-4197-BCB2-83D65FCC3A0E}.Release|Any CPU.Build.0 = Release|Any CPU
		{55EF870B-B285-430B-BA85-61824299E347}.Debug|Any CPU.ActiveCfg = Debug|Any CPU
		{55EF870B-B285-430B-BA85-61824299E347}.Debug|Any CPU.Build.0 = Debug|Any CPU
		{55EF870B-B285-430B-BA85-61824299E347}.Release|Any CPU.ActiveCfg = Release|Any CPU
		{55EF870B-B285-430B-BA85-61824299E347}.Release|Any CPU.Build.0 = Release|Any CPU
		{DA93D82A-F061-439D-AFA1-8A9A28FE6E4B}.Debug|Any CPU.ActiveCfg = Debug|Any CPU
		{DA93D82A-F061-439D-AFA1-8A9A28FE6E4B}.Debug|Any CPU.Build.0 = Debug|Any CPU
		{DA93D82A-F061-439D-AFA1-8A9A28FE6E4B}.Release|Any CPU.ActiveCfg = Release|Any CPU
		{DA93D82A-F061-439D-AFA1-8A9A28FE6E4B}.Release|Any CPU.Build.0 = Release|Any CPU
		{F126AC09-56F3-4941-9821-E8FA3111D317}.Debug|Any CPU.ActiveCfg = Debug|Any CPU
		{F126AC09-56F3-4941-9821-E8FA3111D317}.Debug|Any CPU.Build.0 = Debug|Any CPU
		{F126AC09-56F3-4941-9821-E8FA3111D317}.Release|Any CPU.ActiveCfg = Release|Any CPU
		{F126AC09-56F3-4941-9821-E8FA3111D317}.Release|Any CPU.Build.0 = Release|Any CPU
		{33EFB565-20A9-46E7-9808-2F90D631DB17}.Debug|Any CPU.ActiveCfg = Debug|Any CPU
		{33EFB565-20A9-46E7-9808-2F90D631DB17}.Debug|Any CPU.Build.0 = Debug|Any CPU
		{33EFB565-20A9-46E7-9808-2F90D631DB17}.Release|Any CPU.ActiveCfg = Release|Any CPU
		{33EFB565-20A9-46E7-9808-2F90D631DB17}.Release|Any CPU.Build.0 = Release|Any CPU
		{875998C8-ABDA-4F3B-9F5B-2E59003C3D1A}.Debug|Any CPU.ActiveCfg = Debug|Any CPU
		{875998C8-ABDA-4F3B-9F5B-2E59003C3D1A}.Debug|Any CPU.Build.0 = Debug|Any CPU
		{875998C8-ABDA-4F3B-9F5B-2E59003C3D1A}.Release|Any CPU.ActiveCfg = Release|Any CPU
		{875998C8-ABDA-4F3B-9F5B-2E59003C3D1A}.Release|Any CPU.Build.0 = Release|Any CPU
	EndGlobalSection
	GlobalSection(NestedProjects) = preSolution
		{B2E5CA7C-7385-4955-B63F-422AE21D3016} = {183EC84C-4D22-4BD6-8EC1-9F28CDBD5847}
		{77298826-3D29-4197-BCB2-83D65FCC3A0E} = {B2E5CA7C-7385-4955-B63F-422AE21D3016}
		{55EF870B-B285-430B-BA85-61824299E347} = {B2E5CA7C-7385-4955-B63F-422AE21D3016}
		{F126AC09-56F3-4941-9821-E8FA3111D317} = {183EC84C-4D22-4BD6-8EC1-9F28CDBD5847}
		{33EFB565-20A9-46E7-9808-2F90D631DB17} = {183EC84C-4D22-4BD6-8EC1-9F28CDBD5847}
		{12DFF130-AB36-4767-A421-82DAFE7055D8} = {183EC84C-4D22-4BD6-8EC1-9F28CDBD5847}
		{875998C8-ABDA-4F3B-9F5B-2E59003C3D1A} = {12DFF130-AB36-4767-A421-82DAFE7055D8}
	EndGlobalSection
EndGlobal
