
Microsoft Visual Studio Solution File, Format Version 12.00
# Visual Studio Version 17
VisualStudioVersion = 17.0.31903.59
MinimumVisualStudioVersion = 10.0.40219.1
Project("{2150E333-8FDC-42A3-9474-1A3956D46DE8}") = "src", "src", "{32029F33-9FEF-4538-8CED-48AAFF4E9725}"
EndProject
Project("{9A19103F-16F7-4668-BE54-9A1E7A4F7556}") = "Application", "src\Application\Application.csproj", "{5AEB9893-CBBF-4CD8-9B67-F9DAA9CD64FE}"
EndProject
Project("{9A19103F-16F7-4668-BE54-9A1E7A4F7556}") = "Cli", "src\Cli\Cli.csproj", "{B753982F-629B-4966-ADEC-893FD9AB497B}"
EndProject
Project("{9A19103F-16F7-4668-BE54-9A1E7A4F7556}") = "Domain", "src\Domain\Domain.csproj", "{94BB6B04-6A8B-4CB6-91BC-A1689A99B457}"
EndProject
Project("{9A19103F-16F7-4668-BE54-9A1E7A4F7556}") = "Interfaces", "src\Interfaces\Interfaces.csproj", "{0223577C-69E3-445E-9369-5F1EB214430D}"
EndProject
Project("{2150E333-8FDC-42A3-9474-1A3956D46DE8}") = "SpaceTraders", "SpaceTraders", "{F52F1B11-5406-475F-A858-E272B1DBC8CB}"
EndProject
Project("{9A19103F-16F7-4668-BE54-9A1E7A4F7556}") = "SpaceTraders.Api", "src\SpaceTraders\Api\SpaceTraders.Api.csproj", "{A74C96E0-33B2-4E1C-95B3-145A73ED524C}"
EndProject
Project("{9A19103F-16F7-4668-BE54-9A1E7A4F7556}") = "tests", "tests\tests.csproj", "{5B32AC04-C1BF-4E02-AD98-48222FF31222}"
EndProject
Global
	GlobalSection(SolutionConfigurationPlatforms) = preSolution
		Debug|Any CPU = Debug|Any CPU
		Release|Any CPU = Release|Any CPU
	EndGlobalSection
	GlobalSection(ProjectConfigurationPlatforms) = postSolution
		{5AEB9893-CBBF-4CD8-9B67-F9DAA9CD64FE}.Debug|Any CPU.ActiveCfg = Debug|Any CPU
		{5AEB9893-CBBF-4CD8-9B67-F9DAA9CD64FE}.Debug|Any CPU.Build.0 = Debug|Any CPU
		{5AEB9893-CBBF-4CD8-9B67-F9DAA9CD64FE}.Release|Any CPU.ActiveCfg = Release|Any CPU
		{5AEB9893-CBBF-4CD8-9B67-F9DAA9CD64FE}.Release|Any CPU.Build.0 = Release|Any CPU
		{B753982F-629B-4966-ADEC-893FD9AB497B}.Debug|Any CPU.ActiveCfg = Debug|Any CPU
		{B753982F-629B-4966-ADEC-893FD9AB497B}.Debug|Any CPU.Build.0 = Debug|Any CPU
		{B753982F-629B-4966-ADEC-893FD9AB497B}.Release|Any CPU.ActiveCfg = Release|Any CPU
		{B753982F-629B-4966-ADEC-893FD9AB497B}.Release|Any CPU.Build.0 = Release|Any CPU
		{94BB6B04-6A8B-4CB6-91BC-A1689A99B457}.Debug|Any CPU.ActiveCfg = Debug|Any CPU
		{94BB6B04-6A8B-4CB6-91BC-A1689A99B457}.Debug|Any CPU.Build.0 = Debug|Any CPU
		{94BB6B04-6A8B-4CB6-91BC-A1689A99B457}.Release|Any CPU.ActiveCfg = Release|Any CPU
		{94BB6B04-6A8B-4CB6-91BC-A1689A99B457}.Release|Any CPU.Build.0 = Release|Any CPU
		{0223577C-69E3-445E-9369-5F1EB214430D}.Debug|Any CPU.ActiveCfg = Debug|Any CPU
		{0223577C-69E3-445E-9369-5F1EB214430D}.Debug|Any CPU.Build.0 = Debug|Any CPU
		{0223577C-69E3-445E-9369-5F1EB214430D}.Release|Any CPU.ActiveCfg = Release|Any CPU
		{0223577C-69E3-445E-9369-5F1EB214430D}.Release|Any CPU.Build.0 = Release|Any CPU
		{A74C96E0-33B2-4E1C-95B3-145A73ED524C}.Debug|Any CPU.ActiveCfg = Debug|Any CPU
		{A74C96E0-33B2-4E1C-95B3-145A73ED524C}.Debug|Any CPU.Build.0 = Debug|Any CPU
		{A74C96E0-33B2-4E1C-95B3-145A73ED524C}.Release|Any CPU.ActiveCfg = Release|Any CPU
		{A74C96E0-33B2-4E1C-95B3-145A73ED524C}.Release|Any CPU.Build.0 = Release|Any CPU
		{5B32AC04-C1BF-4E02-AD98-48222FF31222}.Debug|Any CPU.ActiveCfg = Debug|Any CPU
		{5B32AC04-C1BF-4E02-AD98-48222FF31222}.Debug|Any CPU.Build.0 = Debug|Any CPU
		{5B32AC04-C1BF-4E02-AD98-48222FF31222}.Release|Any CPU.ActiveCfg = Release|Any CPU
		{5B32AC04-C1BF-4E02-AD98-48222FF31222}.Release|Any CPU.Build.0 = Release|Any CPU
	EndGlobalSection
	GlobalSection(SolutionProperties) = preSolution
		HideSolutionNode = FALSE
	EndGlobalSection
	GlobalSection(NestedProjects) = preSolution
		{5AEB9893-CBBF-4CD8-9B67-F9DAA9CD64FE} = {32029F33-9FEF-4538-8CED-48AAFF4E9725}
		{B753982F-629B-4966-ADEC-893FD9AB497B} = {32029F33-9FEF-4538-8CED-48AAFF4E9725}
		{94BB6B04-6A8B-4CB6-91BC-A1689A99B457} = {32029F33-9FEF-4538-8CED-48AAFF4E9725}
		{0223577C-69E3-445E-9369-5F1EB214430D} = {32029F33-9FEF-4538-8CED-48AAFF4E9725}
		{F52F1B11-5406-475F-A858-E272B1DBC8CB} = {32029F33-9FEF-4538-8CED-48AAFF4E9725}
		{A74C96E0-33B2-4E1C-95B3-145A73ED524C} = {F52F1B11-5406-475F-A858-E272B1DBC8CB}
	EndGlobalSection
	GlobalSection(ExtensibilityGlobals) = postSolution
		SolutionGuid = {8B82FF99-3942-461D-9D7E-DAAEBAFE8170}
	EndGlobalSection
EndGlobal
